
Microsoft Visual Studio Solution File, Format Version 12.00
# Visual Studio 15
VisualStudioVersion = 15.0.28307.779
MinimumVisualStudioVersion = 10.0.40219.1
Project("{FAE04EC0-301F-11D3-BF4B-00C04F79EFBC}") = "Ruanmou", "Ruanmou\Ruanmou.csproj", "{26ABB954-7DE4-45D4-B98D-48D85F3097DA}"
EndProject
Project("{2150E333-8FDC-42A3-9474-1A3956D46DE8}") = "Client", "Client", "{7A25257C-437C-4C16-A610-8F35D9DF32E4}"
EndProject
Project("{FAE04EC0-301F-11D3-BF4B-00C04F79EFBC}") = "Ruanmou.MVC5.Plugins", "Ruanmou.MVC5.Plugins\Ruanmou.MVC5.Plugins.csproj", "{5E649CFD-1274-4FB8-A2E2-08DA26E7CC44}"
EndProject
Project("{2150E333-8FDC-42A3-9474-1A3956D46DE8}") = "Bussiness", "Bussiness", "{80065E14-F2B6-43C8-B54B-FC89D6EE172B}"
EndProject
Project("{FAE04EC0-301F-11D3-BF4B-00C04F79EFBC}") = "Ruanmou.Bussiness.Interface", "Ruanmou.Bussiness.Interface\Ruanmou.Bussiness.Interface.csproj", "{F1ABABBA-85D8-4BED-ABE4-CF76E03F0EFE}"
EndProject
Project("{FAE04EC0-301F-11D3-BF4B-00C04F79EFBC}") = "Ruanmou.Bussiness.Service", "Ruanmou.Bussiness.Service\Ruanmou.Bussiness.Service.csproj", "{BFA53765-2ECB-4512-BFEA-156E63F34B14}"
EndProject
Project("{FAE04EC0-301F-11D3-BF4B-00C04F79EFBC}") = "Ruanmou.EF.Model", "Ruanmou.EF.Model\Ruanmou.EF.Model.csproj", "{1046DDD7-D244-4856-871F-9AA5F40C58F3}"
EndProject
Global
	GlobalSection(SolutionConfigurationPlatforms) = preSolution
		Debug|Any CPU = Debug|Any CPU
		Release|Any CPU = Release|Any CPU
	EndGlobalSection
	GlobalSection(ProjectConfigurationPlatforms) = postSolution
		{26ABB954-7DE4-45D4-B98D-48D85F3097DA}.Debug|Any CPU.ActiveCfg = Debug|Any CPU
		{26ABB954-7DE4-45D4-B98D-48D85F3097DA}.Debug|Any CPU.Build.0 = Debug|Any CPU
		{26ABB954-7DE4-45D4-B98D-48D85F3097DA}.Release|Any CPU.ActiveCfg = Release|Any CPU
		{26ABB954-7DE4-45D4-B98D-48D85F3097DA}.Release|Any CPU.Build.0 = Release|Any CPU
		{5E649CFD-1274-4FB8-A2E2-08DA26E7CC44}.Debug|Any CPU.ActiveCfg = Debug|Any CPU
		{5E649CFD-1274-4FB8-A2E2-08DA26E7CC44}.Debug|Any CPU.Build.0 = Debug|Any CPU
		{5E649CFD-1274-4FB8-A2E2-08DA26E7CC44}.Release|Any CPU.ActiveCfg = Release|Any CPU
		{5E649CFD-1274-4FB8-A2E2-08DA26E7CC44}.Release|Any CPU.Build.0 = Release|Any CPU
		{F1ABABBA-85D8-4BED-ABE4-CF76E03F0EFE}.Debug|Any CPU.ActiveCfg = Debug|Any CPU
		{F1ABABBA-85D8-4BED-ABE4-CF76E03F0EFE}.Debug|Any CPU.Build.0 = Debug|Any CPU
		{F1ABABBA-85D8-4BED-ABE4-CF76E03F0EFE}.Release|Any CPU.ActiveCfg = Release|Any CPU
		{F1ABABBA-85D8-4BED-ABE4-CF76E03F0EFE}.Release|Any CPU.Build.0 = Release|Any CPU
		{BFA53765-2ECB-4512-BFEA-156E63F34B14}.Debug|Any CPU.ActiveCfg = Debug|Any CPU
		{BFA53765-2ECB-4512-BFEA-156E63F34B14}.Debug|Any CPU.Build.0 = Debug|Any CPU
		{BFA53765-2ECB-4512-BFEA-156E63F34B14}.Release|Any CPU.ActiveCfg = Release|Any CPU
		{BFA53765-2ECB-4512-BFEA-156E63F34B14}.Release|Any CPU.Build.0 = Release|Any CPU
		{1046DDD7-D244-4856-871F-9AA5F40C58F3}.Debug|Any CPU.ActiveCfg = Debug|Any CPU
		{1046DDD7-D244-4856-871F-9AA5F40C58F3}.Debug|Any CPU.Build.0 = Debug|Any CPU
		{1046DDD7-D244-4856-871F-9AA5F40C58F3}.Release|Any CPU.ActiveCfg = Release|Any CPU
		{1046DDD7-D244-4856-871F-9AA5F40C58F3}.Release|Any CPU.Build.0 = Release|Any CPU
	EndGlobalSection
	GlobalSection(SolutionProperties) = preSolution
		HideSolutionNode = FALSE
	EndGlobalSection
	GlobalSection(NestedProjects) = preSolution
		{26ABB954-7DE4-45D4-B98D-48D85F3097DA} = {7A25257C-437C-4C16-A610-8F35D9DF32E4}
		{5E649CFD-1274-4FB8-A2E2-08DA26E7CC44} = {7A25257C-437C-4C16-A610-8F35D9DF32E4}
		{F1ABABBA-85D8-4BED-ABE4-CF76E03F0EFE} = {80065E14-F2B6-43C8-B54B-FC89D6EE172B}
		{BFA53765-2ECB-4512-BFEA-156E63F34B14} = {80065E14-F2B6-43C8-B54B-FC89D6EE172B}
		{1046DDD7-D244-4856-871F-9AA5F40C58F3} = {80065E14-F2B6-43C8-B54B-FC89D6EE172B}
	EndGlobalSection
	GlobalSection(ExtensibilityGlobals) = postSolution
		SolutionGuid = {A7B2BB7D-6E74-4427-BFC1-6BFBE0A32D86}
	EndGlobalSection
EndGlobal
